// !$*UTF8*$!
{
	archiveVersion = 1;
	classes = {
	};
	objectVersion = 52;
	objects = {

/* Begin PBXBuildFile section */
		06AF6B58E5A3D0659E9C894D /* Pods_Basic___Basic__UITests.framework in Frameworks */ = {isa = PBXBuildFile; fileRef = 473C6220C50643FE0D4F816A /* Pods_Basic___Basic__UITests.framework */; };
		23490F62242878E00093ADC7 /* AVFoundation.framework in Frameworks */ = {isa = PBXBuildFile; fileRef = 23490A49242876690093ADC7 /* AVFoundation.framework */; };
		23490FA92428A6D40093ADC7 /* Reachability.swift in Sources */ = {isa = PBXBuildFile; fileRef = 23490FA82428A6D40093ADC7 /* Reachability.swift */; };
		23D4EB8624235A6F00A0B96A /* UIDeviceExt.swift in Sources */ = {isa = PBXBuildFile; fileRef = 23D4EB8524235A6F00A0B96A /* UIDeviceExt.swift */; };
		23D5AACA24249C63000412C0 /* StringExtension.swift in Sources */ = {isa = PBXBuildFile; fileRef = 23D5AAC924249C63000412C0 /* StringExtension.swift */; };
		23D5AACD24249D93000412C0 /* Localizable.strings in Resources */ = {isa = PBXBuildFile; fileRef = 23D5AACF24249D93000412C0 /* Localizable.strings */; };
		6A1026162B4522CB004DCDEA /* CustomDialogStoryboard.storyboard in Resources */ = {isa = PBXBuildFile; fileRef = 6A1026152B4522CB004DCDEA /* CustomDialogStoryboard.storyboard */; };
		6A1026182B4522E3004DCDEA /* CustomDialogViewController.swift in Sources */ = {isa = PBXBuildFile; fileRef = 6A1026172B4522E3004DCDEA /* CustomDialogViewController.swift */; };
		6A49195B2AEF31E6007A1569 /* LocalStorageManager.swift in Sources */ = {isa = PBXBuildFile; fileRef = 6A49195A2AEF31E6007A1569 /* LocalStorageManager.swift */; };
		6A55D9DF23F3B9A7006B3265 /* DataBaseCreation.swift in Sources */ = {isa = PBXBuildFile; fileRef = 6A55D9DE23F3B9A7006B3265 /* DataBaseCreation.swift */; };
		6A55D9E123F3BE27006B3265 /* SqliteError.swift in Sources */ = {isa = PBXBuildFile; fileRef = 6A55D9E023F3BE27006B3265 /* SqliteError.swift */; };
		6A55D9E323F3D928006B3265 /* VocabularyModel.swift in Sources */ = {isa = PBXBuildFile; fileRef = 6A55D9E223F3D928006B3265 /* VocabularyModel.swift */; };
		6A55D9E523F3DBC5006B3265 /* VocabularyOperations.swift in Sources */ = {isa = PBXBuildFile; fileRef = 6A55D9E423F3DBC5006B3265 /* VocabularyOperations.swift */; };
		6A5EC8D82B42E47F0008F4F2 /* Pods_Basic日本.framework in Frameworks */ = {isa = PBXBuildFile; fileRef = 6A5EC8D72B42E47F0008F4F2 /* Pods_Basic日本.framework */; };
		6A5EC8DB2B42E4EB0008F4F2 /* ChatStoryboard.storyboard in Resources */ = {isa = PBXBuildFile; fileRef = 6A5EC8DA2B42E4EB0008F4F2 /* ChatStoryboard.storyboard */; };
		6A5EC8DD2B42E4FF0008F4F2 /* ChatViewController.swift in Sources */ = {isa = PBXBuildFile; fileRef = 6A5EC8DC2B42E4FF0008F4F2 /* ChatViewController.swift */; };
		6A5EC8DF2B42F0CA0008F4F2 /* ChatMainStoryboard.storyboard in Resources */ = {isa = PBXBuildFile; fileRef = 6A5EC8DE2B42F0CA0008F4F2 /* ChatMainStoryboard.storyboard */; };
		6A5EC8E12B42F0DA0008F4F2 /* ChatMainViewController.swift in Sources */ = {isa = PBXBuildFile; fileRef = 6A5EC8E02B42F0DA0008F4F2 /* ChatMainViewController.swift */; };
		6A633E4823F7A552005F8D09 /* VocabListStoryBoard.storyboard in Resources */ = {isa = PBXBuildFile; fileRef = 6A633E4723F7A552005F8D09 /* VocabListStoryBoard.storyboard */; };
		6A633E4A23F7A61C005F8D09 /* VocabListViewController.swift in Sources */ = {isa = PBXBuildFile; fileRef = 6A633E4923F7A61C005F8D09 /* VocabListViewController.swift */; };
		6A633E4E23F7C3ED005F8D09 /* VocabListTableViewCell.swift in Sources */ = {isa = PBXBuildFile; fileRef = 6A633E4C23F7C3ED005F8D09 /* VocabListTableViewCell.swift */; };
		6A633E4F23F7C3ED005F8D09 /* VocabListTableViewCell.xib in Resources */ = {isa = PBXBuildFile; fileRef = 6A633E4D23F7C3ED005F8D09 /* VocabListTableViewCell.xib */; };
		6A633E5223F7D456005F8D09 /* AppConstants.swift in Sources */ = {isa = PBXBuildFile; fileRef = 6A633E5123F7D456005F8D09 /* AppConstants.swift */; };
		6A633E5523F7F50C005F8D09 /* SettingsViewController.swift in Sources */ = {isa = PBXBuildFile; fileRef = 6A633E5423F7F50C005F8D09 /* SettingsViewController.swift */; };
		6A633E5723F7F544005F8D09 /* Storyboard.storyboard in Resources */ = {isa = PBXBuildFile; fileRef = 6A633E5623F7F544005F8D09 /* Storyboard.storyboard */; };
		6AB071A523E7D79300962DF6 /* AppDelegate.swift in Sources */ = {isa = PBXBuildFile; fileRef = 6AB071A423E7D79300962DF6 /* AppDelegate.swift */; };
		6AB071A923E7D79300962DF6 /* ViewController.swift in Sources */ = {isa = PBXBuildFile; fileRef = 6AB071A823E7D79300962DF6 /* ViewController.swift */; };
		6AB071AC23E7D79300962DF6 /* Main.storyboard in Resources */ = {isa = PBXBuildFile; fileRef = 6AB071AA23E7D79300962DF6 /* Main.storyboard */; };
		6AB071AE23E7D79A00962DF6 /* Assets.xcassets in Resources */ = {isa = PBXBuildFile; fileRef = 6AB071AD23E7D79A00962DF6 /* Assets.xcassets */; };
		6AB071B123E7D79A00962DF6 /* LaunchScreen.storyboard in Resources */ = {isa = PBXBuildFile; fileRef = 6AB071AF23E7D79A00962DF6 /* LaunchScreen.storyboard */; };
		6AB071BC23E7D79A00962DF6 /* Basic__Tests.swift in Sources */ = {isa = PBXBuildFile; fileRef = 6AB071BB23E7D79A00962DF6 /* Basic__Tests.swift */; };
		6AB071C723E7D79A00962DF6 /* Basic__UITests.swift in Sources */ = {isa = PBXBuildFile; fileRef = 6AB071C623E7D79A00962DF6 /* Basic__UITests.swift */; };
		6AB071D723E8543E00962DF6 /* HomeCollectionViewCell.swift in Sources */ = {isa = PBXBuildFile; fileRef = 6AB071D523E8543E00962DF6 /* HomeCollectionViewCell.swift */; };
		6AB071D823E8543E00962DF6 /* HomeCollectionViewCell.xib in Resources */ = {isa = PBXBuildFile; fileRef = 6AB071D623E8543E00962DF6 /* HomeCollectionViewCell.xib */; };
		BF07FA61297822CE418E1E71 /* Pods_Basic___Basic__Tests.framework in Frameworks */ = {isa = PBXBuildFile; fileRef = DF7202315FAA57F35EA06DB0 /* Pods_Basic___Basic__Tests.framework */; };
/* End PBXBuildFile section */

/* Begin PBXContainerItemProxy section */
		6AB071B823E7D79A00962DF6 /* PBXContainerItemProxy */ = {
			isa = PBXContainerItemProxy;
			containerPortal = 6AB0719923E7D79300962DF6 /* Project object */;
			proxyType = 1;
			remoteGlobalIDString = 6AB071A023E7D79300962DF6;
			remoteInfo = "Basic日本";
		};
		6AB071C323E7D79A00962DF6 /* PBXContainerItemProxy */ = {
			isa = PBXContainerItemProxy;
			containerPortal = 6AB0719923E7D79300962DF6 /* Project object */;
			proxyType = 1;
			remoteGlobalIDString = 6AB071A023E7D79300962DF6;
			remoteInfo = "Basic日本";
		};
/* End PBXContainerItemProxy section */

/* Begin PBXFileReference section */
		0CB205DA8FAD07AB1540A2BC /* Pods-Basic日本-Basic日本UITests.dev.xcconfig */ = {isa = PBXFileReference; includeInIndex = 1; lastKnownFileType = text.xcconfig; name = "Pods-Basic日本-Basic日本UITests.dev.xcconfig"; path = "Target Support Files/Pods-Basic日本-Basic日本UITests/Pods-Basic日本-Basic日本UITests.dev.xcconfig"; sourceTree = "<group>"; };
		23490A49242876690093ADC7 /* AVFoundation.framework */ = {isa = PBXFileReference; lastKnownFileType = wrapper.framework; name = AVFoundation.framework; path = System/Library/Frameworks/AVFoundation.framework; sourceTree = SDKROOT; };
		23490FA82428A6D40093ADC7 /* Reachability.swift */ = {isa = PBXFileReference; lastKnownFileType = sourcecode.swift; path = Reachability.swift; sourceTree = "<group>"; };
		23D4EB8524235A6F00A0B96A /* UIDeviceExt.swift */ = {isa = PBXFileReference; lastKnownFileType = sourcecode.swift; path = UIDeviceExt.swift; sourceTree = "<group>"; };
		23D5AAC924249C63000412C0 /* StringExtension.swift */ = {isa = PBXFileReference; lastKnownFileType = sourcecode.swift; path = StringExtension.swift; sourceTree = "<group>"; };
		23D5AACE24249D93000412C0 /* en */ = {isa = PBXFileReference; lastKnownFileType = text.plist.strings; name = en; path = en.lproj/Localizable.strings; sourceTree = "<group>"; };
		23D5AAD024249DC8000412C0 /* zh-Hans */ = {isa = PBXFileReference; lastKnownFileType = text.plist.strings; name = "zh-Hans"; path = "zh-Hans.lproj/Localizable.strings"; sourceTree = "<group>"; };
		23D5AAD124249DE8000412C0 /* my-MM */ = {isa = PBXFileReference; lastKnownFileType = text.plist.strings; name = "my-MM"; path = "my-MM.lproj/Localizable.strings"; sourceTree = "<group>"; };
		3A3C0D8457D11A7F163989C4 /* Pods-Basic日本.debug.xcconfig */ = {isa = PBXFileReference; includeInIndex = 1; lastKnownFileType = text.xcconfig; name = "Pods-Basic日本.debug.xcconfig"; path = "Target Support Files/Pods-Basic日本/Pods-Basic日本.debug.xcconfig"; sourceTree = "<group>"; };
		3C2B2C832313663029FBAF64 /* Pods-Basic日本-Basic日本Tests.debug.xcconfig */ = {isa = PBXFileReference; includeInIndex = 1; lastKnownFileType = text.xcconfig; name = "Pods-Basic日本-Basic日本Tests.debug.xcconfig"; path = "Target Support Files/Pods-Basic日本-Basic日本Tests/Pods-Basic日本-Basic日本Tests.debug.xcconfig"; sourceTree = "<group>"; };
		412110A78D4939A630B8BD07 /* Pods-Basic日本Tests.dev.xcconfig */ = {isa = PBXFileReference; includeInIndex = 1; lastKnownFileType = text.xcconfig; name = "Pods-Basic日本Tests.dev.xcconfig"; path = "Target Support Files/Pods-Basic日本Tests/Pods-Basic日本Tests.dev.xcconfig"; sourceTree = "<group>"; };
		4219AAFCBB602D441042E1A9 /* Pods-Basic日本Tests.debug.xcconfig */ = {isa = PBXFileReference; includeInIndex = 1; lastKnownFileType = text.xcconfig; name = "Pods-Basic日本Tests.debug.xcconfig"; path = "Target Support Files/Pods-Basic日本Tests/Pods-Basic日本Tests.debug.xcconfig"; sourceTree = "<group>"; };
		473C6220C50643FE0D4F816A /* Pods_Basic___Basic__UITests.framework */ = {isa = PBXFileReference; explicitFileType = wrapper.framework; includeInIndex = 0; path = "Pods_Basic___Basic__UITests.framework"; sourceTree = BUILT_PRODUCTS_DIR; };
		69DD8C628455763FC3F81CD2 /* Pods-Basic日本-Basic日本UITests.release.xcconfig */ = {isa = PBXFileReference; includeInIndex = 1; lastKnownFileType = text.xcconfig; name = "Pods-Basic日本-Basic日本UITests.release.xcconfig"; path = "Target Support Files/Pods-Basic日本-Basic日本UITests/Pods-Basic日本-Basic日本UITests.release.xcconfig"; sourceTree = "<group>"; };
		6A1026152B4522CB004DCDEA /* CustomDialogStoryboard.storyboard */ = {isa = PBXFileReference; lastKnownFileType = file.storyboard; path = CustomDialogStoryboard.storyboard; sourceTree = "<group>"; };
		6A1026172B4522E3004DCDEA /* CustomDialogViewController.swift */ = {isa = PBXFileReference; lastKnownFileType = sourcecode.swift; path = CustomDialogViewController.swift; sourceTree = "<group>"; };
		6A49194E2AEE1DEA007A1569 /* FirebaseCore.framework */ = {isa = PBXFileReference; explicitFileType = wrapper.framework; path = FirebaseCore.framework; sourceTree = BUILT_PRODUCTS_DIR; };
		6A4919502AEE1DF1007A1569 /* FirebaseCoreInternal.framework */ = {isa = PBXFileReference; explicitFileType = wrapper.framework; path = FirebaseCoreInternal.framework; sourceTree = BUILT_PRODUCTS_DIR; };
		6A4919542AEE1E03007A1569 /* FirebaseMessaging.framework */ = {isa = PBXFileReference; explicitFileType = wrapper.framework; path = FirebaseMessaging.framework; sourceTree = BUILT_PRODUCTS_DIR; };
		6A4919582AEE29F5007A1569 /* Basic日本.entitlements */ = {isa = PBXFileReference; lastKnownFileType = text.plist.entitlements; path = "Basic日本.entitlements"; sourceTree = "<group>"; };
		6A49195A2AEF31E6007A1569 /* LocalStorageManager.swift */ = {isa = PBXFileReference; lastKnownFileType = sourcecode.swift; path = LocalStorageManager.swift; sourceTree = "<group>"; };
		6A55D9DE23F3B9A7006B3265 /* DataBaseCreation.swift */ = {isa = PBXFileReference; lastKnownFileType = sourcecode.swift; path = DataBaseCreation.swift; sourceTree = "<group>"; };
		6A55D9E023F3BE27006B3265 /* SqliteError.swift */ = {isa = PBXFileReference; lastKnownFileType = sourcecode.swift; path = SqliteError.swift; sourceTree = "<group>"; };
		6A55D9E223F3D928006B3265 /* VocabularyModel.swift */ = {isa = PBXFileReference; lastKnownFileType = sourcecode.swift; path = VocabularyModel.swift; sourceTree = "<group>"; };
		6A55D9E423F3DBC5006B3265 /* VocabularyOperations.swift */ = {isa = PBXFileReference; lastKnownFileType = sourcecode.swift; path = VocabularyOperations.swift; sourceTree = "<group>"; };
		6A5EC8D72B42E47F0008F4F2 /* Pods_Basic日本.framework */ = {isa = PBXFileReference; explicitFileType = wrapper.framework; path = "Pods_Basic日本.framework"; sourceTree = BUILT_PRODUCTS_DIR; };
		6A5EC8DA2B42E4EB0008F4F2 /* ChatStoryboard.storyboard */ = {isa = PBXFileReference; lastKnownFileType = file.storyboard; path = ChatStoryboard.storyboard; sourceTree = "<group>"; };
		6A5EC8DC2B42E4FF0008F4F2 /* ChatViewController.swift */ = {isa = PBXFileReference; lastKnownFileType = sourcecode.swift; path = ChatViewController.swift; sourceTree = "<group>"; };
		6A5EC8DE2B42F0CA0008F4F2 /* ChatMainStoryboard.storyboard */ = {isa = PBXFileReference; lastKnownFileType = file.storyboard; path = ChatMainStoryboard.storyboard; sourceTree = "<group>"; };
		6A5EC8E02B42F0DA0008F4F2 /* ChatMainViewController.swift */ = {isa = PBXFileReference; lastKnownFileType = sourcecode.swift; path = ChatMainViewController.swift; sourceTree = "<group>"; };
		6A633E4723F7A552005F8D09 /* VocabListStoryBoard.storyboard */ = {isa = PBXFileReference; lastKnownFileType = file.storyboard; path = VocabListStoryBoard.storyboard; sourceTree = "<group>"; };
		6A633E4923F7A61C005F8D09 /* VocabListViewController.swift */ = {isa = PBXFileReference; lastKnownFileType = sourcecode.swift; path = VocabListViewController.swift; sourceTree = "<group>"; };
		6A633E4C23F7C3ED005F8D09 /* VocabListTableViewCell.swift */ = {isa = PBXFileReference; lastKnownFileType = sourcecode.swift; path = VocabListTableViewCell.swift; sourceTree = "<group>"; };
		6A633E4D23F7C3ED005F8D09 /* VocabListTableViewCell.xib */ = {isa = PBXFileReference; lastKnownFileType = file.xib; path = VocabListTableViewCell.xib; sourceTree = "<group>"; };
		6A633E5123F7D456005F8D09 /* AppConstants.swift */ = {isa = PBXFileReference; lastKnownFileType = sourcecode.swift; path = AppConstants.swift; sourceTree = "<group>"; };
		6A633E5423F7F50C005F8D09 /* SettingsViewController.swift */ = {isa = PBXFileReference; lastKnownFileType = sourcecode.swift; path = SettingsViewController.swift; sourceTree = "<group>"; };
		6A633E5623F7F544005F8D09 /* Storyboard.storyboard */ = {isa = PBXFileReference; lastKnownFileType = file.storyboard; path = Storyboard.storyboard; sourceTree = "<group>"; };
		6AB071A123E7D79300962DF6 /* Basic日本.app */ = {isa = PBXFileReference; explicitFileType = wrapper.application; includeInIndex = 0; path = "Basic日本.app"; sourceTree = BUILT_PRODUCTS_DIR; };
		6AB071A423E7D79300962DF6 /* AppDelegate.swift */ = {isa = PBXFileReference; lastKnownFileType = sourcecode.swift; path = AppDelegate.swift; sourceTree = "<group>"; };
		6AB071A823E7D79300962DF6 /* ViewController.swift */ = {isa = PBXFileReference; lastKnownFileType = sourcecode.swift; path = ViewController.swift; sourceTree = "<group>"; };
		6AB071AB23E7D79300962DF6 /* Base */ = {isa = PBXFileReference; lastKnownFileType = file.storyboard; name = Base; path = Base.lproj/Main.storyboard; sourceTree = "<group>"; };
		6AB071AD23E7D79A00962DF6 /* Assets.xcassets */ = {isa = PBXFileReference; lastKnownFileType = folder.assetcatalog; path = Assets.xcassets; sourceTree = "<group>"; };
		6AB071B023E7D79A00962DF6 /* Base */ = {isa = PBXFileReference; lastKnownFileType = file.storyboard; name = Base; path = Base.lproj/LaunchScreen.storyboard; sourceTree = "<group>"; };
		6AB071B223E7D79A00962DF6 /* Info.plist */ = {isa = PBXFileReference; lastKnownFileType = text.plist.xml; path = Info.plist; sourceTree = "<group>"; };
		6AB071B723E7D79A00962DF6 /* Basic日本Tests.xctest */ = {isa = PBXFileReference; explicitFileType = wrapper.cfbundle; includeInIndex = 0; path = "Basic日本Tests.xctest"; sourceTree = BUILT_PRODUCTS_DIR; };
		6AB071BB23E7D79A00962DF6 /* Basic__Tests.swift */ = {isa = PBXFileReference; lastKnownFileType = sourcecode.swift; path = Basic__Tests.swift; sourceTree = "<group>"; };
		6AB071BD23E7D79A00962DF6 /* Info.plist */ = {isa = PBXFileReference; lastKnownFileType = text.plist.xml; path = Info.plist; sourceTree = "<group>"; };
		6AB071C223E7D79A00962DF6 /* Basic日本UITests.xctest */ = {isa = PBXFileReference; explicitFileType = wrapper.cfbundle; includeInIndex = 0; path = "Basic日本UITests.xctest"; sourceTree = BUILT_PRODUCTS_DIR; };
		6AB071C623E7D79A00962DF6 /* Basic__UITests.swift */ = {isa = PBXFileReference; lastKnownFileType = sourcecode.swift; path = Basic__UITests.swift; sourceTree = "<group>"; };
		6AB071C823E7D79B00962DF6 /* Info.plist */ = {isa = PBXFileReference; lastKnownFileType = text.plist.xml; path = Info.plist; sourceTree = "<group>"; };
		6AB071D523E8543E00962DF6 /* HomeCollectionViewCell.swift */ = {isa = PBXFileReference; lastKnownFileType = sourcecode.swift; path = HomeCollectionViewCell.swift; sourceTree = "<group>"; };
		6AB071D623E8543E00962DF6 /* HomeCollectionViewCell.xib */ = {isa = PBXFileReference; lastKnownFileType = file.xib; path = HomeCollectionViewCell.xib; sourceTree = "<group>"; };
		73E7F31B1985AD4ED6065AC0 /* Pods-Basic日本.release.xcconfig */ = {isa = PBXFileReference; includeInIndex = 1; lastKnownFileType = text.xcconfig; name = "Pods-Basic日本.release.xcconfig"; path = "Target Support Files/Pods-Basic日本/Pods-Basic日本.release.xcconfig"; sourceTree = "<group>"; };
		92B3C3674D16A7788BF6BF7E /* Pods-Basic日本Tests.release.xcconfig */ = {isa = PBXFileReference; includeInIndex = 1; lastKnownFileType = text.xcconfig; name = "Pods-Basic日本Tests.release.xcconfig"; path = "Target Support Files/Pods-Basic日本Tests/Pods-Basic日本Tests.release.xcconfig"; sourceTree = "<group>"; };
		92F73BA7B408B2DDDBBAA90D /* Pods-Basic日本.dev.xcconfig */ = {isa = PBXFileReference; includeInIndex = 1; lastKnownFileType = text.xcconfig; name = "Pods-Basic日本.dev.xcconfig"; path = "Target Support Files/Pods-Basic日本/Pods-Basic日本.dev.xcconfig"; sourceTree = "<group>"; };
		9787471F65BF038ABF667EB8 /* Pods-Basic日本-Basic日本Tests.dev.xcconfig */ = {isa = PBXFileReference; includeInIndex = 1; lastKnownFileType = text.xcconfig; name = "Pods-Basic日本-Basic日本Tests.dev.xcconfig"; path = "Target Support Files/Pods-Basic日本-Basic日本Tests/Pods-Basic日本-Basic日本Tests.dev.xcconfig"; sourceTree = "<group>"; };
		DF7202315FAA57F35EA06DB0 /* Pods_Basic___Basic__Tests.framework */ = {isa = PBXFileReference; explicitFileType = wrapper.framework; includeInIndex = 0; path = "Pods_Basic___Basic__Tests.framework"; sourceTree = BUILT_PRODUCTS_DIR; };
		E2A1AD1A95052A7D00ADA2A1 /* Pods-Basic日本-Basic日本UITests.debug.xcconfig */ = {isa = PBXFileReference; includeInIndex = 1; lastKnownFileType = text.xcconfig; name = "Pods-Basic日本-Basic日本UITests.debug.xcconfig"; path = "Target Support Files/Pods-Basic日本-Basic日本UITests/Pods-Basic日本-Basic日本UITests.debug.xcconfig"; sourceTree = "<group>"; };
		ECF5956192671D19151AE0B6 /* Pods-Basic日本-Basic日本Tests.release.xcconfig */ = {isa = PBXFileReference; includeInIndex = 1; lastKnownFileType = text.xcconfig; name = "Pods-Basic日本-Basic日本Tests.release.xcconfig"; path = "Target Support Files/Pods-Basic日本-Basic日本Tests/Pods-Basic日本-Basic日本Tests.release.xcconfig"; sourceTree = "<group>"; };
		FEAF71097ED59678D9F6842A /* Pods_Basic__.framework */ = {isa = PBXFileReference; explicitFileType = wrapper.framework; includeInIndex = 0; path = Pods_Basic__.framework; sourceTree = BUILT_PRODUCTS_DIR; };
/* End PBXFileReference section */

/* Begin PBXFrameworksBuildPhase section */
		6AB0719E23E7D79300962DF6 /* Frameworks */ = {
			isa = PBXFrameworksBuildPhase;
			buildActionMask = 2147483647;
			files = (
				6A5EC8D82B42E47F0008F4F2 /* Pods_Basic日本.framework in Frameworks */,
				23490F62242878E00093ADC7 /* AVFoundation.framework in Frameworks */,
			);
			runOnlyForDeploymentPostprocessing = 0;
		};
		6AB071B423E7D79A00962DF6 /* Frameworks */ = {
			isa = PBXFrameworksBuildPhase;
			buildActionMask = 2147483647;
			files = (
				BF07FA61297822CE418E1E71 /* Pods_Basic___Basic__Tests.framework in Frameworks */,
			);
			runOnlyForDeploymentPostprocessing = 0;
		};
		6AB071BF23E7D79A00962DF6 /* Frameworks */ = {
			isa = PBXFrameworksBuildPhase;
			buildActionMask = 2147483647;
			files = (
				06AF6B58E5A3D0659E9C894D /* Pods_Basic___Basic__UITests.framework in Frameworks */,
			);
			runOnlyForDeploymentPostprocessing = 0;
		};
/* End PBXFrameworksBuildPhase section */

/* Begin PBXGroup section */
		0387382CA97996F318BCF5D0 /* Pods */ = {
			isa = PBXGroup;
			children = (
				3A3C0D8457D11A7F163989C4 /* Pods-Basic日本.debug.xcconfig */,
				92F73BA7B408B2DDDBBAA90D /* Pods-Basic日本.dev.xcconfig */,
				73E7F31B1985AD4ED6065AC0 /* Pods-Basic日本.release.xcconfig */,
				E2A1AD1A95052A7D00ADA2A1 /* Pods-Basic日本-Basic日本UITests.debug.xcconfig */,
				0CB205DA8FAD07AB1540A2BC /* Pods-Basic日本-Basic日本UITests.dev.xcconfig */,
				69DD8C628455763FC3F81CD2 /* Pods-Basic日本-Basic日本UITests.release.xcconfig */,
				4219AAFCBB602D441042E1A9 /* Pods-Basic日本Tests.debug.xcconfig */,
				412110A78D4939A630B8BD07 /* Pods-Basic日本Tests.dev.xcconfig */,
				92B3C3674D16A7788BF6BF7E /* Pods-Basic日本Tests.release.xcconfig */,
				3C2B2C832313663029FBAF64 /* Pods-Basic日本-Basic日本Tests.debug.xcconfig */,
				9787471F65BF038ABF667EB8 /* Pods-Basic日本-Basic日本Tests.dev.xcconfig */,
				ECF5956192671D19151AE0B6 /* Pods-Basic日本-Basic日本Tests.release.xcconfig */,
			);
			path = Pods;
			sourceTree = "<group>";
		};
		23490A48242876680093ADC7 /* Frameworks */ = {
			isa = PBXGroup;
			children = (
				6A5EC8D72B42E47F0008F4F2 /* Pods_Basic日本.framework */,
				6A4919542AEE1E03007A1569 /* FirebaseMessaging.framework */,
				6A4919502AEE1DF1007A1569 /* FirebaseCoreInternal.framework */,
				6A49194E2AEE1DEA007A1569 /* FirebaseCore.framework */,
				23490A49242876690093ADC7 /* AVFoundation.framework */,
				FEAF71097ED59678D9F6842A /* Pods_Basic__.framework */,
				473C6220C50643FE0D4F816A /* Pods_Basic___Basic__UITests.framework */,
				DF7202315FAA57F35EA06DB0 /* Pods_Basic___Basic__Tests.framework */,
			);
			name = Frameworks;
			sourceTree = "<group>";
		};
		23490FA72428A6B90093ADC7 /* Common */ = {
			isa = PBXGroup;
			children = (
				23490FA82428A6D40093ADC7 /* Reachability.swift */,
			);
			path = Common;
			sourceTree = "<group>";
		};
		23D4EB8424235A4300A0B96A /* Extension */ = {
			isa = PBXGroup;
			children = (
				23D4EB8524235A6F00A0B96A /* UIDeviceExt.swift */,
				23D5AAC924249C63000412C0 /* StringExtension.swift */,
			);
			path = Extension;
			sourceTree = "<group>";
		};
		6A1026142B4522A6004DCDEA /* CustomDialog */ = {
			isa = PBXGroup;
			children = (
				6A1026152B4522CB004DCDEA /* CustomDialogStoryboard.storyboard */,
				6A1026172B4522E3004DCDEA /* CustomDialogViewController.swift */,
			);
			path = CustomDialog;
			sourceTree = "<group>";
		};
		6A4919592AEF31CE007A1569 /* LocalStorage */ = {
			isa = PBXGroup;
			children = (
				6A49195A2AEF31E6007A1569 /* LocalStorageManager.swift */,
			);
			path = LocalStorage;
			sourceTree = "<group>";
		};
		6A55D9DC23F3B975006B3265 /* Model */ = {
			isa = PBXGroup;
			children = (
				6A55D9E223F3D928006B3265 /* VocabularyModel.swift */,
			);
			path = Model;
			sourceTree = "<group>";
		};
		6A55D9DD23F3B982006B3265 /* Persistence */ = {
			isa = PBXGroup;
			children = (
				6A55D9DE23F3B9A7006B3265 /* DataBaseCreation.swift */,
				6A55D9E023F3BE27006B3265 /* SqliteError.swift */,
				6A55D9E423F3DBC5006B3265 /* VocabularyOperations.swift */,
			);
			path = Persistence;
			sourceTree = "<group>";
		};
		6A5EC8D92B42E4CB0008F4F2 /* Chat */ = {
			isa = PBXGroup;
			children = (
				6A5EC8DA2B42E4EB0008F4F2 /* ChatStoryboard.storyboard */,
				6A5EC8DC2B42E4FF0008F4F2 /* ChatViewController.swift */,
				6A5EC8DE2B42F0CA0008F4F2 /* ChatMainStoryboard.storyboard */,
				6A5EC8E02B42F0DA0008F4F2 /* ChatMainViewController.swift */,
			);
			path = Chat;
			sourceTree = "<group>";
		};
		6A633E4523F7A51A005F8D09 /* ViewController */ = {
			isa = PBXGroup;
			children = (
				6A633E5323F7F4EA005F8D09 /* Setting */,
				6A633E4623F7A52D005F8D09 /* VocabList */,
				6AB071D423E8541600962DF6 /* HomeScreen */,
			);
			path = ViewController;
			sourceTree = "<group>";
		};
		6A633E4623F7A52D005F8D09 /* VocabList */ = {
			isa = PBXGroup;
			children = (
				6A633E4B23F7C3CD005F8D09 /* VocabListCell */,
				6A633E4723F7A552005F8D09 /* VocabListStoryBoard.storyboard */,
				6A633E4923F7A61C005F8D09 /* VocabListViewController.swift */,
			);
			path = VocabList;
			sourceTree = "<group>";
		};
		6A633E4B23F7C3CD005F8D09 /* VocabListCell */ = {
			isa = PBXGroup;
			children = (
				6A633E4C23F7C3ED005F8D09 /* VocabListTableViewCell.swift */,
				6A633E4D23F7C3ED005F8D09 /* VocabListTableViewCell.xib */,
			);
			path = VocabListCell;
			sourceTree = "<group>";
		};
		6A633E5023F7D43D005F8D09 /* Constants */ = {
			isa = PBXGroup;
			children = (
				6A633E5123F7D456005F8D09 /* AppConstants.swift */,
			);
			path = Constants;
			sourceTree = "<group>";
		};
		6A633E5323F7F4EA005F8D09 /* Setting */ = {
			isa = PBXGroup;
			children = (
				6A633E5423F7F50C005F8D09 /* SettingsViewController.swift */,
				6A633E5623F7F544005F8D09 /* Storyboard.storyboard */,
			);
			path = Setting;
			sourceTree = "<group>";
		};
		6AB0719823E7D79300962DF6 = {
			isa = PBXGroup;
			children = (
				6AB071A323E7D79300962DF6 /* Basic日本 */,
				6AB071BA23E7D79A00962DF6 /* Basic日本Tests */,
				6AB071C523E7D79A00962DF6 /* Basic日本UITests */,
				6AB071A223E7D79300962DF6 /* Products */,
				23490A48242876680093ADC7 /* Frameworks */,
				0387382CA97996F318BCF5D0 /* Pods */,
			);
			sourceTree = "<group>";
		};
		6AB071A223E7D79300962DF6 /* Products */ = {
			isa = PBXGroup;
			children = (
				6AB071A123E7D79300962DF6 /* Basic日本.app */,
				6AB071B723E7D79A00962DF6 /* Basic日本Tests.xctest */,
				6AB071C223E7D79A00962DF6 /* Basic日本UITests.xctest */,
			);
			name = Products;
			sourceTree = "<group>";
		};
		6AB071A323E7D79300962DF6 /* Basic日本 */ = {
			isa = PBXGroup;
			children = (
				6A1026142B4522A6004DCDEA /* CustomDialog */,
				6A5EC8D92B42E4CB0008F4F2 /* Chat */,
				6A4919592AEF31CE007A1569 /* LocalStorage */,
				6A4919582AEE29F5007A1569 /* Basic日本.entitlements */,
				23490FA72428A6B90093ADC7 /* Common */,
				23D4EB8424235A4300A0B96A /* Extension */,
				6A633E5023F7D43D005F8D09 /* Constants */,
				6A633E4523F7A51A005F8D09 /* ViewController */,
				6A55D9DD23F3B982006B3265 /* Persistence */,
				6A55D9DC23F3B975006B3265 /* Model */,
				6AB071A423E7D79300962DF6 /* AppDelegate.swift */,
				6AB071A823E7D79300962DF6 /* ViewController.swift */,
				6AB071AA23E7D79300962DF6 /* Main.storyboard */,
				6AB071AD23E7D79A00962DF6 /* Assets.xcassets */,
				6AB071AF23E7D79A00962DF6 /* LaunchScreen.storyboard */,
				6AB071B223E7D79A00962DF6 /* Info.plist */,
				23D5AACF24249D93000412C0 /* Localizable.strings */,
			);
			path = "Basic日本";
			sourceTree = "<group>";
		};
		6AB071BA23E7D79A00962DF6 /* Basic日本Tests */ = {
			isa = PBXGroup;
			children = (
				6AB071BB23E7D79A00962DF6 /* Basic__Tests.swift */,
				6AB071BD23E7D79A00962DF6 /* Info.plist */,
			);
			path = "Basic日本Tests";
			sourceTree = "<group>";
		};
		6AB071C523E7D79A00962DF6 /* Basic日本UITests */ = {
			isa = PBXGroup;
			children = (
				6AB071C623E7D79A00962DF6 /* Basic__UITests.swift */,
				6AB071C823E7D79B00962DF6 /* Info.plist */,
			);
			path = "Basic日本UITests";
			sourceTree = "<group>";
		};
		6AB071D423E8541600962DF6 /* HomeScreen */ = {
			isa = PBXGroup;
			children = (
				6AB071D523E8543E00962DF6 /* HomeCollectionViewCell.swift */,
				6AB071D623E8543E00962DF6 /* HomeCollectionViewCell.xib */,
			);
			path = HomeScreen;
			sourceTree = "<group>";
		};
/* End PBXGroup section */

/* Begin PBXNativeTarget section */
		6AB071A023E7D79300962DF6 /* Basic日本 */ = {
			isa = PBXNativeTarget;
			buildConfigurationList = 6AB071CB23E7D79B00962DF6 /* Build configuration list for PBXNativeTarget "Basic日本" */;
			buildPhases = (
				058C1595D190210925A499D3 /* [CP] Check Pods Manifest.lock */,
				6AB0719D23E7D79300962DF6 /* Sources */,
				6AB0719E23E7D79300962DF6 /* Frameworks */,
				6AB0719F23E7D79300962DF6 /* Resources */,
				B07948D472ED95551E447DD4 /* [CP] Embed Pods Frameworks */,
			);
			buildRules = (
			);
			dependencies = (
			);
			name = "Basic日本";
			productName = "Basic日本";
			productReference = 6AB071A123E7D79300962DF6 /* Basic日本.app */;
			productType = "com.apple.product-type.application";
		};
		6AB071B623E7D79A00962DF6 /* Basic日本Tests */ = {
			isa = PBXNativeTarget;
			buildConfigurationList = 6AB071CE23E7D79B00962DF6 /* Build configuration list for PBXNativeTarget "Basic日本Tests" */;
			buildPhases = (
				7192B5E9AD48BC58774BB8BD /* [CP] Check Pods Manifest.lock */,
				6AB071B323E7D79A00962DF6 /* Sources */,
				6AB071B423E7D79A00962DF6 /* Frameworks */,
				6AB071B523E7D79A00962DF6 /* Resources */,
				76649A09D63C66149FA11F92 /* [CP] Embed Pods Frameworks */,
			);
			buildRules = (
			);
			dependencies = (
				6AB071B923E7D79A00962DF6 /* PBXTargetDependency */,
			);
			name = "Basic日本Tests";
			productName = "Basic日本Tests";
			productReference = 6AB071B723E7D79A00962DF6 /* Basic日本Tests.xctest */;
			productType = "com.apple.product-type.bundle.unit-test";
		};
		6AB071C123E7D79A00962DF6 /* Basic日本UITests */ = {
			isa = PBXNativeTarget;
			buildConfigurationList = 6AB071D123E7D79B00962DF6 /* Build configuration list for PBXNativeTarget "Basic日本UITests" */;
			buildPhases = (
				4A01DB2683A2E0E81B764E59 /* [CP] Check Pods Manifest.lock */,
				6AB071BE23E7D79A00962DF6 /* Sources */,
				6AB071BF23E7D79A00962DF6 /* Frameworks */,
				6AB071C023E7D79A00962DF6 /* Resources */,
				09E075D74E2688EF7A3702C2 /* [CP] Embed Pods Frameworks */,
			);
			buildRules = (
			);
			dependencies = (
				6AB071C423E7D79A00962DF6 /* PBXTargetDependency */,
			);
			name = "Basic日本UITests";
			productName = "Basic日本UITests";
			productReference = 6AB071C223E7D79A00962DF6 /* Basic日本UITests.xctest */;
			productType = "com.apple.product-type.bundle.ui-testing";
		};
/* End PBXNativeTarget section */

/* Begin PBXProject section */
		6AB0719923E7D79300962DF6 /* Project object */ = {
			isa = PBXProject;
			attributes = {
				LastSwiftUpdateCheck = 1120;
				LastUpgradeCheck = 1420;
				ORGANIZATIONNAME = "Naw Su Su Nyein";
				TargetAttributes = {
					6AB071A023E7D79300962DF6 = {
						CreatedOnToolsVersion = 11.2;
					};
					6AB071B623E7D79A00962DF6 = {
						CreatedOnToolsVersion = 11.2;
						TestTargetID = 6AB071A023E7D79300962DF6;
					};
					6AB071C123E7D79A00962DF6 = {
						CreatedOnToolsVersion = 11.2;
						TestTargetID = 6AB071A023E7D79300962DF6;
					};
				};
			};
			buildConfigurationList = 6AB0719C23E7D79300962DF6 /* Build configuration list for PBXProject "Basic日本" */;
			compatibilityVersion = "Xcode 11.0";
			developmentRegion = en;
			hasScannedForEncodings = 0;
			knownRegions = (
				en,
				Base,
				"zh-Hans",
				"my-MM",
				de,
				he,
				es,
				it,
				sv,
				fr,
				nl,
				ja,
			);
			mainGroup = 6AB0719823E7D79300962DF6;
			productRefGroup = 6AB071A223E7D79300962DF6 /* Products */;
			projectDirPath = "";
			projectRoot = "";
			targets = (
				6AB071A023E7D79300962DF6 /* Basic日本 */,
				6AB071B623E7D79A00962DF6 /* Basic日本Tests */,
				6AB071C123E7D79A00962DF6 /* Basic日本UITests */,
			);
		};
/* End PBXProject section */

/* Begin PBXResourcesBuildPhase section */
		6AB0719F23E7D79300962DF6 /* Resources */ = {
			isa = PBXResourcesBuildPhase;
			buildActionMask = 2147483647;
			files = (
				6A1026162B4522CB004DCDEA /* CustomDialogStoryboard.storyboard in Resources */,
				6A5EC8DF2B42F0CA0008F4F2 /* ChatMainStoryboard.storyboard in Resources */,
				6AB071B123E7D79A00962DF6 /* LaunchScreen.storyboard in Resources */,
				6AB071AE23E7D79A00962DF6 /* Assets.xcassets in Resources */,
				6A633E4823F7A552005F8D09 /* VocabListStoryBoard.storyboard in Resources */,
				6AB071AC23E7D79300962DF6 /* Main.storyboard in Resources */,
				6AB071D823E8543E00962DF6 /* HomeCollectionViewCell.xib in Resources */,
				23D5AACD24249D93000412C0 /* Localizable.strings in Resources */,
				6A633E5723F7F544005F8D09 /* Storyboard.storyboard in Resources */,
				6A5EC8DB2B42E4EB0008F4F2 /* ChatStoryboard.storyboard in Resources */,
				6A633E4F23F7C3ED005F8D09 /* VocabListTableViewCell.xib in Resources */,
			);
			runOnlyForDeploymentPostprocessing = 0;
		};
		6AB071B523E7D79A00962DF6 /* Resources */ = {
			isa = PBXResourcesBuildPhase;
			buildActionMask = 2147483647;
			files = (
			);
			runOnlyForDeploymentPostprocessing = 0;
		};
		6AB071C023E7D79A00962DF6 /* Resources */ = {
			isa = PBXResourcesBuildPhase;
			buildActionMask = 2147483647;
			files = (
			);
			runOnlyForDeploymentPostprocessing = 0;
		};
/* End PBXResourcesBuildPhase section */

/* Begin PBXShellScriptBuildPhase section */
		058C1595D190210925A499D3 /* [CP] Check Pods Manifest.lock */ = {
			isa = PBXShellScriptBuildPhase;
			buildActionMask = 2147483647;
			files = (
			);
			inputFileListPaths = (
			);
			inputPaths = (
				"${PODS_PODFILE_DIR_PATH}/Podfile.lock",
				"${PODS_ROOT}/Manifest.lock",
			);
			name = "[CP] Check Pods Manifest.lock";
			outputFileListPaths = (
			);
			outputPaths = (
				"$(DERIVED_FILE_DIR)/Pods-Basic日本-checkManifestLockResult.txt",
			);
			runOnlyForDeploymentPostprocessing = 0;
			shellPath = /bin/sh;
			shellScript = "diff \"${PODS_PODFILE_DIR_PATH}/Podfile.lock\" \"${PODS_ROOT}/Manifest.lock\" > /dev/null\nif [ $? != 0 ] ; then\n    # print error to STDERR\n    echo \"error: The sandbox is not in sync with the Podfile.lock. Run 'pod install' or update your CocoaPods installation.\" >&2\n    exit 1\nfi\n# This output is used by Xcode 'outputs' to avoid re-running this script phase.\necho \"SUCCESS\" > \"${SCRIPT_OUTPUT_FILE_0}\"\n";
			showEnvVarsInLog = 0;
		};
		09E075D74E2688EF7A3702C2 /* [CP] Embed Pods Frameworks */ = {
			isa = PBXShellScriptBuildPhase;
			buildActionMask = 2147483647;
			files = (
			);
			inputFileListPaths = (
				"${PODS_ROOT}/Target Support Files/Pods-Basic日本-Basic日本UITests/Pods-Basic日本-Basic日本UITests-frameworks-${CONFIGURATION}-input-files.xcfilelist",
			);
			name = "[CP] Embed Pods Frameworks";
			outputFileListPaths = (
				"${PODS_ROOT}/Target Support Files/Pods-Basic日本-Basic日本UITests/Pods-Basic日本-Basic日本UITests-frameworks-${CONFIGURATION}-output-files.xcfilelist",
			);
			runOnlyForDeploymentPostprocessing = 0;
			shellPath = /bin/sh;
			shellScript = "\"${PODS_ROOT}/Target Support Files/Pods-Basic日本-Basic日本UITests/Pods-Basic日本-Basic日本UITests-frameworks.sh\"\n";
			showEnvVarsInLog = 0;
		};
		4A01DB2683A2E0E81B764E59 /* [CP] Check Pods Manifest.lock */ = {
			isa = PBXShellScriptBuildPhase;
			buildActionMask = 2147483647;
			files = (
			);
			inputFileListPaths = (
			);
			inputPaths = (
				"${PODS_PODFILE_DIR_PATH}/Podfile.lock",
				"${PODS_ROOT}/Manifest.lock",
			);
			name = "[CP] Check Pods Manifest.lock";
			outputFileListPaths = (
			);
			outputPaths = (
				"$(DERIVED_FILE_DIR)/Pods-Basic日本-Basic日本UITests-checkManifestLockResult.txt",
			);
			runOnlyForDeploymentPostprocessing = 0;
			shellPath = /bin/sh;
			shellScript = "diff \"${PODS_PODFILE_DIR_PATH}/Podfile.lock\" \"${PODS_ROOT}/Manifest.lock\" > /dev/null\nif [ $? != 0 ] ; then\n    # print error to STDERR\n    echo \"error: The sandbox is not in sync with the Podfile.lock. Run 'pod install' or update your CocoaPods installation.\" >&2\n    exit 1\nfi\n# This output is used by Xcode 'outputs' to avoid re-running this script phase.\necho \"SUCCESS\" > \"${SCRIPT_OUTPUT_FILE_0}\"\n";
			showEnvVarsInLog = 0;
		};
		7192B5E9AD48BC58774BB8BD /* [CP] Check Pods Manifest.lock */ = {
			isa = PBXShellScriptBuildPhase;
			buildActionMask = 2147483647;
			files = (
			);
			inputFileListPaths = (
			);
			inputPaths = (
				"${PODS_PODFILE_DIR_PATH}/Podfile.lock",
				"${PODS_ROOT}/Manifest.lock",
			);
			name = "[CP] Check Pods Manifest.lock";
			outputFileListPaths = (
			);
			outputPaths = (
				"$(DERIVED_FILE_DIR)/Pods-Basic日本-Basic日本Tests-checkManifestLockResult.txt",
			);
			runOnlyForDeploymentPostprocessing = 0;
			shellPath = /bin/sh;
			shellScript = "diff \"${PODS_PODFILE_DIR_PATH}/Podfile.lock\" \"${PODS_ROOT}/Manifest.lock\" > /dev/null\nif [ $? != 0 ] ; then\n    # print error to STDERR\n    echo \"error: The sandbox is not in sync with the Podfile.lock. Run 'pod install' or update your CocoaPods installation.\" >&2\n    exit 1\nfi\n# This output is used by Xcode 'outputs' to avoid re-running this script phase.\necho \"SUCCESS\" > \"${SCRIPT_OUTPUT_FILE_0}\"\n";
			showEnvVarsInLog = 0;
		};
		76649A09D63C66149FA11F92 /* [CP] Embed Pods Frameworks */ = {
			isa = PBXShellScriptBuildPhase;
			buildActionMask = 2147483647;
			files = (
			);
			inputFileListPaths = (
				"${PODS_ROOT}/Target Support Files/Pods-Basic日本-Basic日本Tests/Pods-Basic日本-Basic日本Tests-frameworks-${CONFIGURATION}-input-files.xcfilelist",
			);
			name = "[CP] Embed Pods Frameworks";
			outputFileListPaths = (
				"${PODS_ROOT}/Target Support Files/Pods-Basic日本-Basic日本Tests/Pods-Basic日本-Basic日本Tests-frameworks-${CONFIGURATION}-output-files.xcfilelist",
			);
			runOnlyForDeploymentPostprocessing = 0;
			shellPath = /bin/sh;
			shellScript = "\"${PODS_ROOT}/Target Support Files/Pods-Basic日本-Basic日本Tests/Pods-Basic日本-Basic日本Tests-frameworks.sh\"\n";
			showEnvVarsInLog = 0;
		};
		B07948D472ED95551E447DD4 /* [CP] Embed Pods Frameworks */ = {
			isa = PBXShellScriptBuildPhase;
			buildActionMask = 2147483647;
			files = (
			);
			inputFileListPaths = (
				"${PODS_ROOT}/Target Support Files/Pods-Basic日本/Pods-Basic日本-frameworks-${CONFIGURATION}-input-files.xcfilelist",
			);
			name = "[CP] Embed Pods Frameworks";
			outputFileListPaths = (
				"${PODS_ROOT}/Target Support Files/Pods-Basic日本/Pods-Basic日本-frameworks-${CONFIGURATION}-output-files.xcfilelist",
			);
			runOnlyForDeploymentPostprocessing = 0;
			shellPath = /bin/sh;
			shellScript = "\"${PODS_ROOT}/Target Support Files/Pods-Basic日本/Pods-Basic日本-frameworks.sh\"\n";
			showEnvVarsInLog = 0;
		};
/* End PBXShellScriptBuildPhase section */

/* Begin PBXSourcesBuildPhase section */
		6AB0719D23E7D79300962DF6 /* Sources */ = {
			isa = PBXSourcesBuildPhase;
			buildActionMask = 2147483647;
			files = (
				23490FA92428A6D40093ADC7 /* Reachability.swift in Sources */,
				6AB071A923E7D79300962DF6 /* ViewController.swift in Sources */,
				6A5EC8DD2B42E4FF0008F4F2 /* ChatViewController.swift in Sources */,
				6A5EC8E12B42F0DA0008F4F2 /* ChatMainViewController.swift in Sources */,
				6A55D9E523F3DBC5006B3265 /* VocabularyOperations.swift in Sources */,
				6A633E5523F7F50C005F8D09 /* SettingsViewController.swift in Sources */,
				6A55D9E323F3D928006B3265 /* VocabularyModel.swift in Sources */,
				6AB071A523E7D79300962DF6 /* AppDelegate.swift in Sources */,
				6AB071D723E8543E00962DF6 /* HomeCollectionViewCell.swift in Sources */,
				6A55D9E123F3BE27006B3265 /* SqliteError.swift in Sources */,
				6A633E4A23F7A61C005F8D09 /* VocabListViewController.swift in Sources */,
				6A55D9DF23F3B9A7006B3265 /* DataBaseCreation.swift in Sources */,
				6A633E4E23F7C3ED005F8D09 /* VocabListTableViewCell.swift in Sources */,
				6A633E5223F7D456005F8D09 /* AppConstants.swift in Sources */,
				6A49195B2AEF31E6007A1569 /* LocalStorageManager.swift in Sources */,
				23D5AACA24249C63000412C0 /* StringExtension.swift in Sources */,
				6A1026182B4522E3004DCDEA /* CustomDialogViewController.swift in Sources */,
				23D4EB8624235A6F00A0B96A /* UIDeviceExt.swift in Sources */,
			);
			runOnlyForDeploymentPostprocessing = 0;
		};
		6AB071B323E7D79A00962DF6 /* Sources */ = {
			isa = PBXSourcesBuildPhase;
			buildActionMask = 2147483647;
			files = (
				6AB071BC23E7D79A00962DF6 /* Basic__Tests.swift in Sources */,
			);
			runOnlyForDeploymentPostprocessing = 0;
		};
		6AB071BE23E7D79A00962DF6 /* Sources */ = {
			isa = PBXSourcesBuildPhase;
			buildActionMask = 2147483647;
			files = (
				6AB071C723E7D79A00962DF6 /* Basic__UITests.swift in Sources */,
			);
			runOnlyForDeploymentPostprocessing = 0;
		};
/* End PBXSourcesBuildPhase section */

/* Begin PBXTargetDependency section */
		6AB071B923E7D79A00962DF6 /* PBXTargetDependency */ = {
			isa = PBXTargetDependency;
			target = 6AB071A023E7D79300962DF6 /* Basic日本 */;
			targetProxy = 6AB071B823E7D79A00962DF6 /* PBXContainerItemProxy */;
		};
		6AB071C423E7D79A00962DF6 /* PBXTargetDependency */ = {
			isa = PBXTargetDependency;
			target = 6AB071A023E7D79300962DF6 /* Basic日本 */;
			targetProxy = 6AB071C323E7D79A00962DF6 /* PBXContainerItemProxy */;
		};
/* End PBXTargetDependency section */

/* Begin PBXVariantGroup section */
		23D5AACF24249D93000412C0 /* Localizable.strings */ = {
			isa = PBXVariantGroup;
			children = (
				23D5AACE24249D93000412C0 /* en */,
				23D5AAD024249DC8000412C0 /* zh-Hans */,
				23D5AAD124249DE8000412C0 /* my-MM */,
			);
			name = Localizable.strings;
			sourceTree = "<group>";
		};
		6AB071AA23E7D79300962DF6 /* Main.storyboard */ = {
			isa = PBXVariantGroup;
			children = (
				6AB071AB23E7D79300962DF6 /* Base */,
			);
			name = Main.storyboard;
			sourceTree = "<group>";
		};
		6AB071AF23E7D79A00962DF6 /* LaunchScreen.storyboard */ = {
			isa = PBXVariantGroup;
			children = (
				6AB071B023E7D79A00962DF6 /* Base */,
			);
			name = LaunchScreen.storyboard;
			sourceTree = "<group>";
		};
/* End PBXVariantGroup section */

/* Begin XCBuildConfiguration section */
		6A4897CE2674862800A007C2 /* Dev */ = {
			isa = XCBuildConfiguration;
			buildSettings = {
				ALWAYS_SEARCH_USER_PATHS = NO;
				CLANG_ANALYZER_LOCALIZABILITY_NONLOCALIZED = YES;
				CLANG_ANALYZER_NONNULL = YES;
				CLANG_ANALYZER_NUMBER_OBJECT_CONVERSION = YES_AGGRESSIVE;
				CLANG_CXX_LANGUAGE_STANDARD = "gnu++14";
				CLANG_CXX_LIBRARY = "libc++";
				CLANG_ENABLE_MODULES = YES;
				CLANG_ENABLE_OBJC_ARC = YES;
				CLANG_ENABLE_OBJC_WEAK = YES;
				CLANG_WARN_BLOCK_CAPTURE_AUTORELEASING = YES;
				CLANG_WARN_BOOL_CONVERSION = YES;
				CLANG_WARN_COMMA = YES;
				CLANG_WARN_CONSTANT_CONVERSION = YES;
				CLANG_WARN_DEPRECATED_OBJC_IMPLEMENTATIONS = YES;
				CLANG_WARN_DIRECT_OBJC_ISA_USAGE = YES_ERROR;
				CLANG_WARN_DOCUMENTATION_COMMENTS = YES;
				CLANG_WARN_EMPTY_BODY = YES;
				CLANG_WARN_ENUM_CONVERSION = YES;
				CLANG_WARN_INFINITE_RECURSION = YES;
				CLANG_WARN_INT_CONVERSION = YES;
				CLANG_WARN_NON_LITERAL_NULL_CONVERSION = YES;
				CLANG_WARN_OBJC_IMPLICIT_RETAIN_SELF = YES;
				CLANG_WARN_OBJC_LITERAL_CONVERSION = YES;
				CLANG_WARN_OBJC_ROOT_CLASS = YES_ERROR;
				CLANG_WARN_QUOTED_INCLUDE_IN_FRAMEWORK_HEADER = YES;
				CLANG_WARN_RANGE_LOOP_ANALYSIS = YES;
				CLANG_WARN_STRICT_PROTOTYPES = YES;
				CLANG_WARN_SUSPICIOUS_MOVE = YES;
				CLANG_WARN_UNGUARDED_AVAILABILITY = YES_AGGRESSIVE;
				CLANG_WARN_UNREACHABLE_CODE = YES;
				CLANG_WARN__DUPLICATE_METHOD_MATCH = YES;
				COPY_PHASE_STRIP = NO;
				DEBUG_INFORMATION_FORMAT = dwarf;
				ENABLE_STRICT_OBJC_MSGSEND = YES;
				ENABLE_TESTABILITY = YES;
				GCC_C_LANGUAGE_STANDARD = gnu11;
				GCC_DYNAMIC_NO_PIC = NO;
				GCC_NO_COMMON_BLOCKS = YES;
				GCC_OPTIMIZATION_LEVEL = 0;
				GCC_PREPROCESSOR_DEFINITIONS = (
					"DEBUG=1",
					"$(inherited)",
				);
				GCC_WARN_64_TO_32_BIT_CONVERSION = YES;
				GCC_WARN_ABOUT_RETURN_TYPE = YES_ERROR;
				GCC_WARN_UNDECLARED_SELECTOR = YES;
				GCC_WARN_UNINITIALIZED_AUTOS = YES_AGGRESSIVE;
				GCC_WARN_UNUSED_FUNCTION = YES;
				GCC_WARN_UNUSED_VARIABLE = YES;
				IPHONEOS_DEPLOYMENT_TARGET = 12.0;
				MTL_ENABLE_DEBUG_INFO = INCLUDE_SOURCE;
				MTL_FAST_MATH = YES;
				ONLY_ACTIVE_ARCH = YES;
				SDKROOT = iphoneos;
				SWIFT_ACTIVE_COMPILATION_CONDITIONS = DEBUG;
				SWIFT_OPTIMIZATION_LEVEL = "-Onone";
			};
			name = Dev;
		};
		6A4897CF2674862800A007C2 /* Dev */ = {
			isa = XCBuildConfiguration;
			baseConfigurationReference = 92F73BA7B408B2DDDBBAA90D /* Pods-Basic日本.dev.xcconfig */;
			buildSettings = {
				ASSETCATALOG_COMPILER_APPICON_NAME = AppIcon;
				CODE_SIGN_ENTITLEMENTS = "Basic日本/Basic日本.entitlements";
				CODE_SIGN_IDENTITY = "iPhone Developer";
				"CODE_SIGN_IDENTITY[sdk=iphoneos*]" = "iPhone Developer";
				CODE_SIGN_STYLE = Manual;
				DEVELOPMENT_TEAM = 34K8SKUN9P;
				"DEVELOPMENT_TEAM[sdk=iphoneos*]" = 34K8SKUN9P;
				INFOPLIST_FILE = "Basic日本/Info.plist";
				IPHONEOS_DEPLOYMENT_TARGET = 12.0;
				LD_RUNPATH_SEARCH_PATHS = (
					"$(inherited)",
					"@executable_path/Frameworks",
				);
				MARKETING_VERSION = 1.0.0;
				PRODUCT_BUNDLE_IDENTIFIER = vocabularyappbasic.2020;
				PRODUCT_NAME = "$(TARGET_NAME)";
				PROVISIONING_PROFILE_SPECIFIER = "Basic Japanese Development Profile";
				"PROVISIONING_PROFILE_SPECIFIER[sdk=iphoneos*]" = "Dev Foreign Language App";
				SWIFT_VERSION = 5.0;
				TARGETED_DEVICE_FAMILY = 1;
			};
			name = Dev;
		};
		6A4897D02674862800A007C2 /* Dev */ = {
			isa = XCBuildConfiguration;
			baseConfigurationReference = 9787471F65BF038ABF667EB8 /* Pods-Basic日本-Basic日本Tests.dev.xcconfig */;
			buildSettings = {
				ALWAYS_EMBED_SWIFT_STANDARD_LIBRARIES = YES;
				BUNDLE_LOADER = "$(TEST_HOST)";
				CODE_SIGN_STYLE = Automatic;
				INFOPLIST_FILE = "Basic日本Tests/Info.plist";
				IPHONEOS_DEPLOYMENT_TARGET = 13.2;
				LD_RUNPATH_SEARCH_PATHS = (
					"$(inherited)",
					"@executable_path/Frameworks",
					"@loader_path/Frameworks",
				);
				PRODUCT_BUNDLE_IDENTIFIER = "SuSu.Basic--Tests";
				PRODUCT_NAME = "$(TARGET_NAME)";
				SWIFT_VERSION = 5.0;
				TARGETED_DEVICE_FAMILY = "1,2";
				TEST_HOST = "$(BUILT_PRODUCTS_DIR)/Basic日本.app/Basic日本";
			};
			name = Dev;
		};
		6A4897D12674862800A007C2 /* Dev */ = {
			isa = XCBuildConfiguration;
			baseConfigurationReference = 0CB205DA8FAD07AB1540A2BC /* Pods-Basic日本-Basic日本UITests.dev.xcconfig */;
			buildSettings = {
				ALWAYS_EMBED_SWIFT_STANDARD_LIBRARIES = YES;
				CODE_SIGN_STYLE = Automatic;
				INFOPLIST_FILE = "Basic日本UITests/Info.plist";
				LD_RUNPATH_SEARCH_PATHS = (
					"$(inherited)",
					"@executable_path/Frameworks",
					"@loader_path/Frameworks",
				);
				PRODUCT_BUNDLE_IDENTIFIER = "SuSu.Basic--UITests";
				PRODUCT_NAME = "$(TARGET_NAME)";
				SWIFT_VERSION = 5.0;
				TARGETED_DEVICE_FAMILY = "1,2";
				TEST_TARGET_NAME = "Basic日本";
			};
			name = Dev;
		};
		6AB071C923E7D79B00962DF6 /* Debug */ = {
			isa = XCBuildConfiguration;
			buildSettings = {
				ALWAYS_SEARCH_USER_PATHS = NO;
				CLANG_ANALYZER_LOCALIZABILITY_NONLOCALIZED = YES;
				CLANG_ANALYZER_NONNULL = YES;
				CLANG_ANALYZER_NUMBER_OBJECT_CONVERSION = YES_AGGRESSIVE;
				CLANG_CXX_LANGUAGE_STANDARD = "gnu++14";
				CLANG_CXX_LIBRARY = "libc++";
				CLANG_ENABLE_MODULES = YES;
				CLANG_ENABLE_OBJC_ARC = YES;
				CLANG_ENABLE_OBJC_WEAK = YES;
				CLANG_WARN_BLOCK_CAPTURE_AUTORELEASING = YES;
				CLANG_WARN_BOOL_CONVERSION = YES;
				CLANG_WARN_COMMA = YES;
				CLANG_WARN_CONSTANT_CONVERSION = YES;
				CLANG_WARN_DEPRECATED_OBJC_IMPLEMENTATIONS = YES;
				CLANG_WARN_DIRECT_OBJC_ISA_USAGE = YES_ERROR;
				CLANG_WARN_DOCUMENTATION_COMMENTS = YES;
				CLANG_WARN_EMPTY_BODY = YES;
				CLANG_WARN_ENUM_CONVERSION = YES;
				CLANG_WARN_INFINITE_RECURSION = YES;
				CLANG_WARN_INT_CONVERSION = YES;
				CLANG_WARN_NON_LITERAL_NULL_CONVERSION = YES;
				CLANG_WARN_OBJC_IMPLICIT_RETAIN_SELF = YES;
				CLANG_WARN_OBJC_LITERAL_CONVERSION = YES;
				CLANG_WARN_OBJC_ROOT_CLASS = YES_ERROR;
				CLANG_WARN_QUOTED_INCLUDE_IN_FRAMEWORK_HEADER = YES;
				CLANG_WARN_RANGE_LOOP_ANALYSIS = YES;
				CLANG_WARN_STRICT_PROTOTYPES = YES;
				CLANG_WARN_SUSPICIOUS_MOVE = YES;
				CLANG_WARN_UNGUARDED_AVAILABILITY = YES_AGGRESSIVE;
				CLANG_WARN_UNREACHABLE_CODE = YES;
				CLANG_WARN__DUPLICATE_METHOD_MATCH = YES;
				COPY_PHASE_STRIP = NO;
				DEBUG_INFORMATION_FORMAT = dwarf;
				ENABLE_STRICT_OBJC_MSGSEND = YES;
				ENABLE_TESTABILITY = YES;
				GCC_C_LANGUAGE_STANDARD = gnu11;
				GCC_DYNAMIC_NO_PIC = NO;
				GCC_NO_COMMON_BLOCKS = YES;
				GCC_OPTIMIZATION_LEVEL = 0;
				GCC_PREPROCESSOR_DEFINITIONS = (
					"DEBUG=1",
					"$(inherited)",
				);
				GCC_WARN_64_TO_32_BIT_CONVERSION = YES;
				GCC_WARN_ABOUT_RETURN_TYPE = YES_ERROR;
				GCC_WARN_UNDECLARED_SELECTOR = YES;
				GCC_WARN_UNINITIALIZED_AUTOS = YES_AGGRESSIVE;
				GCC_WARN_UNUSED_FUNCTION = YES;
				GCC_WARN_UNUSED_VARIABLE = YES;
				IPHONEOS_DEPLOYMENT_TARGET = 12.0;
				MTL_ENABLE_DEBUG_INFO = INCLUDE_SOURCE;
				MTL_FAST_MATH = YES;
				ONLY_ACTIVE_ARCH = YES;
				SDKROOT = iphoneos;
				SWIFT_ACTIVE_COMPILATION_CONDITIONS = DEBUG;
				SWIFT_OPTIMIZATION_LEVEL = "-Onone";
			};
			name = Debug;
		};
		6AB071CA23E7D79B00962DF6 /* Release */ = {
			isa = XCBuildConfiguration;
			buildSettings = {
				ALWAYS_SEARCH_USER_PATHS = NO;
				CLANG_ANALYZER_LOCALIZABILITY_NONLOCALIZED = YES;
				CLANG_ANALYZER_NONNULL = YES;
				CLANG_ANALYZER_NUMBER_OBJECT_CONVERSION = YES_AGGRESSIVE;
				CLANG_CXX_LANGUAGE_STANDARD = "gnu++14";
				CLANG_CXX_LIBRARY = "libc++";
				CLANG_ENABLE_MODULES = YES;
				CLANG_ENABLE_OBJC_ARC = YES;
				CLANG_ENABLE_OBJC_WEAK = YES;
				CLANG_WARN_BLOCK_CAPTURE_AUTORELEASING = YES;
				CLANG_WARN_BOOL_CONVERSION = YES;
				CLANG_WARN_COMMA = YES;
				CLANG_WARN_CONSTANT_CONVERSION = YES;
				CLANG_WARN_DEPRECATED_OBJC_IMPLEMENTATIONS = YES;
				CLANG_WARN_DIRECT_OBJC_ISA_USAGE = YES_ERROR;
				CLANG_WARN_DOCUMENTATION_COMMENTS = YES;
				CLANG_WARN_EMPTY_BODY = YES;
				CLANG_WARN_ENUM_CONVERSION = YES;
				CLANG_WARN_INFINITE_RECURSION = YES;
				CLANG_WARN_INT_CONVERSION = YES;
				CLANG_WARN_NON_LITERAL_NULL_CONVERSION = YES;
				CLANG_WARN_OBJC_IMPLICIT_RETAIN_SELF = YES;
				CLANG_WARN_OBJC_LITERAL_CONVERSION = YES;
				CLANG_WARN_OBJC_ROOT_CLASS = YES_ERROR;
				CLANG_WARN_QUOTED_INCLUDE_IN_FRAMEWORK_HEADER = YES;
				CLANG_WARN_RANGE_LOOP_ANALYSIS = YES;
				CLANG_WARN_STRICT_PROTOTYPES = YES;
				CLANG_WARN_SUSPICIOUS_MOVE = YES;
				CLANG_WARN_UNGUARDED_AVAILABILITY = YES_AGGRESSIVE;
				CLANG_WARN_UNREACHABLE_CODE = YES;
				CLANG_WARN__DUPLICATE_METHOD_MATCH = YES;
				COPY_PHASE_STRIP = NO;
				DEBUG_INFORMATION_FORMAT = "dwarf-with-dsym";
				ENABLE_NS_ASSERTIONS = NO;
				ENABLE_STRICT_OBJC_MSGSEND = YES;
				GCC_C_LANGUAGE_STANDARD = gnu11;
				GCC_NO_COMMON_BLOCKS = YES;
				GCC_WARN_64_TO_32_BIT_CONVERSION = YES;
				GCC_WARN_ABOUT_RETURN_TYPE = YES_ERROR;
				GCC_WARN_UNDECLARED_SELECTOR = YES;
				GCC_WARN_UNINITIALIZED_AUTOS = YES_AGGRESSIVE;
				GCC_WARN_UNUSED_FUNCTION = YES;
				GCC_WARN_UNUSED_VARIABLE = YES;
				IPHONEOS_DEPLOYMENT_TARGET = 12.0;
				MTL_ENABLE_DEBUG_INFO = NO;
				MTL_FAST_MATH = YES;
				ONLY_ACTIVE_ARCH = NO;
				SDKROOT = iphoneos;
				SWIFT_COMPILATION_MODE = wholemodule;
				SWIFT_OPTIMIZATION_LEVEL = "-O";
				VALIDATE_PRODUCT = YES;
			};
			name = Release;
		};
		6AB071CC23E7D79B00962DF6 /* Debug */ = {
			isa = XCBuildConfiguration;
			baseConfigurationReference = 3A3C0D8457D11A7F163989C4 /* Pods-Basic日本.debug.xcconfig */;
			buildSettings = {
				ASSETCATALOG_COMPILER_APPICON_NAME = AppIcon;
				CODE_SIGN_ENTITLEMENTS = "Basic日本/Basic日本.entitlements";
				CODE_SIGN_IDENTITY = "iPhone Developer";
				"CODE_SIGN_IDENTITY[sdk=iphoneos*]" = "iPhone Developer";
				CODE_SIGN_STYLE = Manual;
				DEVELOPMENT_TEAM = 34K8SKUN9P;
				"DEVELOPMENT_TEAM[sdk=iphoneos*]" = 34K8SKUN9P;
				INFOPLIST_FILE = "Basic日本/Info.plist";
				IPHONEOS_DEPLOYMENT_TARGET = 12.0;
				LD_RUNPATH_SEARCH_PATHS = (
					"$(inherited)",
					"@executable_path/Frameworks",
				);
				MARKETING_VERSION = 1.0.0;
				PRODUCT_BUNDLE_IDENTIFIER = vocabularyappbasic.2020;
				PRODUCT_NAME = "$(TARGET_NAME)";
				PROVISIONING_PROFILE_SPECIFIER = "Basic Japanese Development Profile";
				"PROVISIONING_PROFILE_SPECIFIER[sdk=iphoneos*]" = "Dev Foreign Language App";
				SWIFT_VERSION = 5.0;
				TARGETED_DEVICE_FAMILY = 1;
			};
			name = Debug;
		};
		6AB071CD23E7D79B00962DF6 /* Release */ = {
			isa = XCBuildConfiguration;
			baseConfigurationReference = 73E7F31B1985AD4ED6065AC0 /* Pods-Basic日本.release.xcconfig */;
			buildSettings = {
				ASSETCATALOG_COMPILER_APPICON_NAME = AppIcon;
				CODE_SIGN_ENTITLEMENTS = "Basic日本/Basic日本.entitlements";
				CODE_SIGN_IDENTITY = "iPhone Developer";
				"CODE_SIGN_IDENTITY[sdk=iphoneos*]" = "iPhone Developer";
				CODE_SIGN_STYLE = Manual;
				DEVELOPMENT_TEAM = 34K8SKUN9P;
				"DEVELOPMENT_TEAM[sdk=iphoneos*]" = 34K8SKUN9P;
				INFOPLIST_FILE = "Basic日本/Info.plist";
				IPHONEOS_DEPLOYMENT_TARGET = 12.0;
				LD_RUNPATH_SEARCH_PATHS = (
					"$(inherited)",
					"@executable_path/Frameworks",
				);
				MARKETING_VERSION = 1.0.0;
				PRODUCT_BUNDLE_IDENTIFIER = vocabularyappbasic.2020;
				PRODUCT_NAME = "$(TARGET_NAME)";
				PROVISIONING_PROFILE_SPECIFIER = "Basic Japanese Development Profile";
				"PROVISIONING_PROFILE_SPECIFIER[sdk=iphoneos*]" = "Dev Foreign Language App";
				SWIFT_VERSION = 5.0;
				TARGETED_DEVICE_FAMILY = 1;
			};
			name = Release;
		};
		6AB071CF23E7D79B00962DF6 /* Debug */ = {
			isa = XCBuildConfiguration;
			baseConfigurationReference = 3C2B2C832313663029FBAF64 /* Pods-Basic日本-Basic日本Tests.debug.xcconfig */;
			buildSettings = {
				ALWAYS_EMBED_SWIFT_STANDARD_LIBRARIES = YES;
				BUNDLE_LOADER = "$(TEST_HOST)";
				CODE_SIGN_STYLE = Automatic;
				INFOPLIST_FILE = "Basic日本Tests/Info.plist";
				IPHONEOS_DEPLOYMENT_TARGET = 13.2;
				LD_RUNPATH_SEARCH_PATHS = (
					"$(inherited)",
					"@executable_path/Frameworks",
					"@loader_path/Frameworks",
				);
				PRODUCT_BUNDLE_IDENTIFIER = "SuSu.Basic--Tests";
				PRODUCT_NAME = "$(TARGET_NAME)";
				SWIFT_VERSION = 5.0;
				TARGETED_DEVICE_FAMILY = "1,2";
				TEST_HOST = "$(BUILT_PRODUCTS_DIR)/Basic日本.app/Basic日本";
			};
			name = Debug;
		};
		6AB071D023E7D79B00962DF6 /* Release */ = {
			isa = XCBuildConfiguration;
			baseConfigurationReference = ECF5956192671D19151AE0B6 /* Pods-Basic日本-Basic日本Tests.release.xcconfig */;
			buildSettings = {
				ALWAYS_EMBED_SWIFT_STANDARD_LIBRARIES = YES;
				BUNDLE_LOADER = "$(TEST_HOST)";
				CODE_SIGN_STYLE = Automatic;
				INFOPLIST_FILE = "Basic日本Tests/Info.plist";
				IPHONEOS_DEPLOYMENT_TARGET = 13.2;
				LD_RUNPATH_SEARCH_PATHS = (
					"$(inherited)",
					"@executable_path/Frameworks",
					"@loader_path/Frameworks",
				);
				PRODUCT_BUNDLE_IDENTIFIER = "SuSu.Basic--Tests";
				PRODUCT_NAME = "$(TARGET_NAME)";
				SWIFT_VERSION = 5.0;
				TARGETED_DEVICE_FAMILY = "1,2";
				TEST_HOST = "$(BUILT_PRODUCTS_DIR)/Basic日本.app/Basic日本";
			};
			name = Release;
		};
		6AB071D223E7D79B00962DF6 /* Debug */ = {
			isa = XCBuildConfiguration;
			baseConfigurationReference = E2A1AD1A95052A7D00ADA2A1 /* Pods-Basic日本-Basic日本UITests.debug.xcconfig */;
			buildSettings = {
				ALWAYS_EMBED_SWIFT_STANDARD_LIBRARIES = YES;
				CODE_SIGN_STYLE = Automatic;
				INFOPLIST_FILE = "Basic日本UITests/Info.plist";
				LD_RUNPATH_SEARCH_PATHS = (
					"$(inherited)",
					"@executable_path/Frameworks",
					"@loader_path/Frameworks",
				);
				PRODUCT_BUNDLE_IDENTIFIER = "SuSu.Basic--UITests";
				PRODUCT_NAME = "$(TARGET_NAME)";
				SWIFT_VERSION = 5.0;
				TARGETED_DEVICE_FAMILY = "1,2";
				TEST_TARGET_NAME = "Basic日本";
			};
			name = Debug;
		};
		6AB071D323E7D79B00962DF6 /* Release */ = {
			isa = XCBuildConfiguration;
			baseConfigurationReference = 69DD8C628455763FC3F81CD2 /* Pods-Basic日本-Basic日本UITests.release.xcconfig */;
			buildSettings = {
				ALWAYS_EMBED_SWIFT_STANDARD_LIBRARIES = YES;
				CODE_SIGN_STYLE = Automatic;
				INFOPLIST_FILE = "Basic日本UITests/Info.plist";
				LD_RUNPATH_SEARCH_PATHS = (
					"$(inherited)",
					"@executable_path/Frameworks",
					"@loader_path/Frameworks",
				);
				PRODUCT_BUNDLE_IDENTIFIER = "SuSu.Basic--UITests";
				PRODUCT_NAME = "$(TARGET_NAME)";
				SWIFT_VERSION = 5.0;
				TARGETED_DEVICE_FAMILY = "1,2";
				TEST_TARGET_NAME = "Basic日本";
			};
			name = Release;
		};
/* End XCBuildConfiguration section */

/* Begin XCConfigurationList section */
		6AB0719C23E7D79300962DF6 /* Build configuration list for PBXProject "Basic日本" */ = {
			isa = XCConfigurationList;
			buildConfigurations = (
				6AB071C923E7D79B00962DF6 /* Debug */,
				6A4897CE2674862800A007C2 /* Dev */,
				6AB071CA23E7D79B00962DF6 /* Release */,
			);
			defaultConfigurationIsVisible = 0;
			defaultConfigurationName = Release;
		};
		6AB071CB23E7D79B00962DF6 /* Build configuration list for PBXNativeTarget "Basic日本" */ = {
			isa = XCConfigurationList;
			buildConfigurations = (
				6AB071CC23E7D79B00962DF6 /* Debug */,
				6A4897CF2674862800A007C2 /* Dev */,
				6AB071CD23E7D79B00962DF6 /* Release */,
			);
			defaultConfigurationIsVisible = 0;
			defaultConfigurationName = Release;
		};
		6AB071CE23E7D79B00962DF6 /* Build configuration list for PBXNativeTarget "Basic日本Tests" */ = {
			isa = XCConfigurationList;
			buildConfigurations = (
				6AB071CF23E7D79B00962DF6 /* Debug */,
				6A4897D02674862800A007C2 /* Dev */,
				6AB071D023E7D79B00962DF6 /* Release */,
			);
			defaultConfigurationIsVisible = 0;
			defaultConfigurationName = Release;
		};
		6AB071D123E7D79B00962DF6 /* Build configuration list for PBXNativeTarget "Basic日本UITests" */ = {
			isa = XCConfigurationList;
			buildConfigurations = (
				6AB071D223E7D79B00962DF6 /* Debug */,
				6A4897D12674862800A007C2 /* Dev */,
				6AB071D323E7D79B00962DF6 /* Release */,
			);
			defaultConfigurationIsVisible = 0;
			defaultConfigurationName = Release;
		};
/* End XCConfigurationList section */
	};
	rootObject = 6AB0719923E7D79300962DF6 /* Project object */;
}
